
Microsoft Visual Studio Solution File, Format Version 12.00
# Visual Studio 15
VisualStudioVersion = 15.0.26730.16
MinimumVisualStudioVersion = 10.0.40219.1
Project("{2150E333-8FDC-42A3-9474-1A3956D46DE8}") = "PrivateDocs", "PrivateDocs", "{1B57AADE-74B2-4620-99D3-EE3F7902D9CE}"
	ProjectSection(SolutionItems) = preProject
		PrivateDocs\CodeAnalysisRuleSet.ruleset = PrivateDocs\CodeAnalysisRuleSet.ruleset
	EndProjectSection
EndProject
Project("{FAE04EC0-301F-11D3-BF4B-00C04F79EFBC}") = "iCoreService", "iCoreService\iCoreService.csproj", "{A8814BCC-CD11-4287-B29A-78B5988C6A58}"
EndProject
Project("{2150E333-8FDC-42A3-9474-1A3956D46DE8}") = "Solution Items", "Solution Items", "{E724F7C4-CFDB-4421-8BAE-05490B0DD60C}"
	ProjectSection(SolutionItems) = preProject
		LICENSE = LICENSE
		README.md = README.md
	EndProjectSection
EndProject
Global
	GlobalSection(SolutionConfigurationPlatforms) = preSolution
		Debug|Any CPU = Debug|Any CPU
		Release|Any CPU = Release|Any CPU
	EndGlobalSection
	GlobalSection(ProjectConfigurationPlatforms) = postSolution
		{A8814BCC-CD11-4287-B29A-78B5988C6A58}.Debug|Any CPU.ActiveCfg = Debug|Any CPU
		{A8814BCC-CD11-4287-B29A-78B5988C6A58}.Debug|Any CPU.Build.0 = Debug|Any CPU
		{A8814BCC-CD11-4287-B29A-78B5988C6A58}.Release|Any CPU.ActiveCfg = Release|Any CPU
		{A8814BCC-CD11-4287-B29A-78B5988C6A58}.Release|Any CPU.Build.0 = Release|Any CPU
	EndGlobalSection
	GlobalSection(SolutionProperties) = preSolution
		HideSolutionNode = FALSE
	EndGlobalSection
	GlobalSection(ExtensibilityGlobals) = postSolution
		SolutionGuid = {D2DE6515-49B1-48C5-A5A0-67AF462614EB}
	EndGlobalSection
EndGlobal
